
Microsoft Visual Studio Solution File, Format Version 12.00
# Visual Studio Version 17
VisualStudioVersion = 17.14.36811.4
MinimumVisualStudioVersion = 10.0.40219.1
Project("{FAE04EC0-301F-11D3-BF4B-00C04F79EFBC}") = "PowerNodeGenUI", "PowerNodeGenUI.csproj", "{245F9BD2-B07A-4132-B76D-63F41622975A}"
EndProject
Global
	GlobalSection(SolutionConfigurationPlatforms) = preSolution
		Debug|Any CPU = Debug|Any CPU
		Release|Any CPU = Release|Any CPU
	EndGlobalSection
	GlobalSection(ProjectConfigurationPlatforms) = postSolution
		{245F9BD2-B07A-4132-B76D-63F41622975A}.Debug|Any CPU.ActiveCfg = Debug|Any CPU
		{245F9BD2-B07A-4132-B76D-63F41622975A}.Debug|Any CPU.Build.0 = Debug|Any CPU
		{245F9BD2-B07A-4132-B76D-63F41622975A}.Release|Any CPU.ActiveCfg = Release|Any CPU
		{245F9BD2-B07A-4132-B76D-63F41622975A}.Release|Any CPU.Build.0 = Release|Any CPU
	EndGlobalSection
	GlobalSection(SolutionProperties) = preSolution
		HideSolutionNode = FALSE
	EndGlobalSection
	GlobalSection(ExtensibilityGlobals) = postSolution
		SolutionGuid = {606B67DD-B734-4C41-BEAB-91007D38DEB5}
	EndGlobalSection
EndGlobal
